# This file is automatically @generated by Poetry 1.8.3 and should not be changed by hand.

[[package]]
name = "types-setuptools"
version = "71.1.0.20240818"
description = "Typing stubs for setuptools"
optional = false
python-versions = ">=3.8"
files = [
    {file = "types-setuptools-71.1.0.20240818.tar.gz", hash = "sha256:f62eaffaa39774462c65fbb49368c4dc1d91a90a28371cb14e1af090ff0e41e3"},
    {file = "types_setuptools-71.1.0.20240818-py3-none-any.whl", hash = "sha256:c4f95302f88369ac0ac46c67ddbfc70c6c4dbbb184d9fed356244217a2934025"},
]

[metadata]
lock-version = "2.0"
python-versions = "^3.8"
content-hash = "6a055250e27ee8977ce0bcf6108f1df8ebadbda7e0e2b80229aee5c629c1325a"
